
Microsoft Visual Studio Solution File, Format Version 12.00
# Visual Studio Version 17
VisualStudioVersion = 17.0.31903.59
MinimumVisualStudioVersion = 10.0.40219.1
Project("{FAE04EC0-301F-11D3-BF4B-00C04F79EFBC}") = "Rebelit.OT.Discover.EdgeApp.API", "Rebelit.OT.Discover.EdgeApp.API\Rebelit.OT.Discover.EdgeApp.API.csproj", "{507061A6-3E34-41D6-BB51-C9C608F247B6}"
EndProject
Project("{FAE04EC0-301F-11D3-BF4B-00C04F79EFBC}") = "Rebelit.OT.Discover.EdgeApp.Connections.IXON", "Rebelit.OT.Discover.EdgeApp.Connections.IXON\Rebelit.OT.Discover.EdgeApp.Connections.IXON.csproj", "{8F6176F9-311D-404C-B7AD-1D5CE8DA477E}"
EndProject
Project("{2150E333-8FDC-42A3-9474-1A3956D46DE8}") = "Tests", "Tests", "{0AB3BF05-4346-4AA6-1389-037BE0695223}"
EndProject
Project("{FAE04EC0-301F-11D3-BF4B-00C04F79EFBC}") = "Rebelit.OT.Discover.EdgeApp.Connections.IXON.Tests", "Rebelit.OT.Discover.EdgeApp.Connections.IXON.Tests\Rebelit.OT.Discover.EdgeApp.Connections.IXON.Tests.csproj", "{984CDEC8-ED7C-4F93-ABA7-121B05968837}"
EndProject
Project("{FAE04EC0-301F-11D3-BF4B-00C04F79EFBC}") = "Rebelit.OT.Discover.EdgeApp.Connections.OPCUA", "Rebelit.OT.Discover.EdgeApp.Connections.OPCUA\Rebelit.OT.Discover.EdgeApp.Connections.OPCUA.csproj", "{0EE83107-558F-4AB9-B3D0-22CC59AC2F00}"
EndProject
Project("{FAE04EC0-301F-11D3-BF4B-00C04F79EFBC}") = "Rebelit.OT.Discover.EdgeApp.API.Tests", "Rebelit.OT.Discover.EdgeApp.API.Tests\Rebelit.OT.Discover.EdgeApp.API.Tests.csproj", "{D092C92A-BD84-462C-9579-9EE3F4653303}"
EndProject
Project("{FAE04EC0-301F-11D3-BF4B-00C04F79EFBC}") = "Rebelit.OT.Discover.EdgeApp.Connections.OPCUA.Tests", "Rebelit.OT.Discover.EdgeApp.Connections.OPCUA.Tests\Rebelit.OT.Discover.EdgeApp.Connections.OPCUA.Tests.csproj", "{ED36DB88-A339-4B87-94E1-5F63AF6E136A}"
EndProject
Project("{FAE04EC0-301F-11D3-BF4B-00C04F79EFBC}") = "Rebelit.OT.Discover.EdgeApp.SharedKernel", "Rebelit.OT.Discover.EdgeApp.SharedKernel\Rebelit.OT.Discover.EdgeApp.SharedKernel.csproj", "{5E4BFB3E-FF2E-44BF-B763-3B06AA588AAB}"
EndProject
Project("{FAE04EC0-301F-11D3-BF4B-00C04F79EFBC}") = "Rebelit.OT.Discover.EdgeApp.Connections.SecureEdgePro", "Rebelit.OT.Discover.EdgeApp.Connections.SecureEdgePro\Rebelit.OT.Discover.EdgeApp.Connections.SecureEdgePro.csproj", "{E3437AF8-3A30-4E19-A599-D846870D7D46}"
EndProject
Project("{FAE04EC0-301F-11D3-BF4B-00C04F79EFBC}") = "Rebelit.OT.InstallationWizard", "Rebelit.OT.InstallationWizard\Rebelit.OT.InstallationWizard.csproj", "{3A74E377-EA9A-42DE-B4C5-BF0B563E8867}"
EndProject
Global
	GlobalSection(SolutionConfigurationPlatforms) = preSolution
		Debug|Any CPU = Debug|Any CPU
		Debug|x64 = Debug|x64
		Debug|x86 = Debug|x86
		Release|Any CPU = Release|Any CPU
		Release|x64 = Release|x64
		Release|x86 = Release|x86
	EndGlobalSection
	GlobalSection(ProjectConfigurationPlatforms) = postSolution
		{507061A6-3E34-41D6-BB51-C9C608F247B6}.Debug|Any CPU.ActiveCfg = Debug|Any CPU
		{507061A6-3E34-41D6-BB51-C9C608F247B6}.Debug|Any CPU.Build.0 = Debug|Any CPU
		{507061A6-3E34-41D6-BB51-C9C608F247B6}.Debug|x64.ActiveCfg = Debug|Any CPU
		{507061A6-3E34-41D6-BB51-C9C608F247B6}.Debug|x64.Build.0 = Debug|Any CPU
		{507061A6-3E34-41D6-BB51-C9C608F247B6}.Debug|x86.ActiveCfg = Debug|Any CPU
		{507061A6-3E34-41D6-BB51-C9C608F247B6}.Debug|x86.Build.0 = Debug|Any CPU
		{507061A6-3E34-41D6-BB51-C9C608F247B6}.Release|Any CPU.ActiveCfg = Release|Any CPU
		{507061A6-3E34-41D6-BB51-C9C608F247B6}.Release|Any CPU.Build.0 = Release|Any CPU
		{507061A6-3E34-41D6-BB51-C9C608F247B6}.Release|x64.ActiveCfg = Release|Any CPU
		{507061A6-3E34-41D6-BB51-C9C608F247B6}.Release|x64.Build.0 = Release|Any CPU
		{507061A6-3E34-41D6-BB51-C9C608F247B6}.Release|x86.ActiveCfg = Release|Any CPU
		{507061A6-3E34-41D6-BB51-C9C608F247B6}.Release|x86.Build.0 = Release|Any CPU
		{8F6176F9-311D-404C-B7AD-1D5CE8DA477E}.Debug|Any CPU.ActiveCfg = Debug|Any CPU
		{8F6176F9-311D-404C-B7AD-1D5CE8DA477E}.Debug|Any CPU.Build.0 = Debug|Any CPU
		{8F6176F9-311D-404C-B7AD-1D5CE8DA477E}.Debug|x64.ActiveCfg = Debug|Any CPU
		{8F6176F9-311D-404C-B7AD-1D5CE8DA477E}.Debug|x64.Build.0 = Debug|Any CPU
		{8F6176F9-311D-404C-B7AD-1D5CE8DA477E}.Debug|x86.ActiveCfg = Debug|Any CPU
		{8F6176F9-311D-404C-B7AD-1D5CE8DA477E}.Debug|x86.Build.0 = Debug|Any CPU
		{8F6176F9-311D-404C-B7AD-1D5CE8DA477E}.Release|Any CPU.ActiveCfg = Release|Any CPU
		{8F6176F9-311D-404C-B7AD-1D5CE8DA477E}.Release|Any CPU.Build.0 = Release|Any CPU
		{8F6176F9-311D-404C-B7AD-1D5CE8DA477E}.Release|x64.ActiveCfg = Release|Any CPU
		{8F6176F9-311D-404C-B7AD-1D5CE8DA477E}.Release|x64.Build.0 = Release|Any CPU
		{8F6176F9-311D-404C-B7AD-1D5CE8DA477E}.Release|x86.ActiveCfg = Release|Any CPU
		{8F6176F9-311D-404C-B7AD-1D5CE8DA477E}.Release|x86.Build.0 = Release|Any CPU
		{984CDEC8-ED7C-4F93-ABA7-121B05968837}.Debug|Any CPU.ActiveCfg = Debug|Any CPU
		{984CDEC8-ED7C-4F93-ABA7-121B05968837}.Debug|Any CPU.Build.0 = Debug|Any CPU
		{984CDEC8-ED7C-4F93-ABA7-121B05968837}.Debug|x64.ActiveCfg = Debug|Any CPU
		{984CDEC8-ED7C-4F93-ABA7-121B05968837}.Debug|x64.Build.0 = Debug|Any CPU
		{984CDEC8-ED7C-4F93-ABA7-121B05968837}.Debug|x86.ActiveCfg = Debug|Any CPU
		{984CDEC8-ED7C-4F93-ABA7-121B05968837}.Debug|x86.Build.0 = Debug|Any CPU
		{984CDEC8-ED7C-4F93-ABA7-121B05968837}.Release|Any CPU.ActiveCfg = Release|Any CPU
		{984CDEC8-ED7C-4F93-ABA7-121B05968837}.Release|Any CPU.Build.0 = Release|Any CPU
		{984CDEC8-ED7C-4F93-ABA7-121B05968837}.Release|x64.ActiveCfg = Release|Any CPU
		{984CDEC8-ED7C-4F93-ABA7-121B05968837}.Release|x64.Build.0 = Release|Any CPU
		{984CDEC8-ED7C-4F93-ABA7-121B05968837}.Release|x86.ActiveCfg = Release|Any CPU
		{984CDEC8-ED7C-4F93-ABA7-121B05968837}.Release|x86.Build.0 = Release|Any CPU
		{0EE83107-558F-4AB9-B3D0-22CC59AC2F00}.Debug|Any CPU.ActiveCfg = Debug|Any CPU
		{0EE83107-558F-4AB9-B3D0-22CC59AC2F00}.Debug|Any CPU.Build.0 = Debug|Any CPU
		{0EE83107-558F-4AB9-B3D0-22CC59AC2F00}.Debug|x64.ActiveCfg = Debug|Any CPU
		{0EE83107-558F-4AB9-B3D0-22CC59AC2F00}.Debug|x64.Build.0 = Debug|Any CPU
		{0EE83107-558F-4AB9-B3D0-22CC59AC2F00}.Debug|x86.ActiveCfg = Debug|Any CPU
		{0EE83107-558F-4AB9-B3D0-22CC59AC2F00}.Debug|x86.Build.0 = Debug|Any CPU
		{0EE83107-558F-4AB9-B3D0-22CC59AC2F00}.Release|Any CPU.ActiveCfg = Release|Any CPU
		{0EE83107-558F-4AB9-B3D0-22CC59AC2F00}.Release|Any CPU.Build.0 = Release|Any CPU
		{0EE83107-558F-4AB9-B3D0-22CC59AC2F00}.Release|x64.ActiveCfg = Release|Any CPU
		{0EE83107-558F-4AB9-B3D0-22CC59AC2F00}.Release|x64.Build.0 = Release|Any CPU
		{0EE83107-558F-4AB9-B3D0-22CC59AC2F00}.Release|x86.ActiveCfg = Release|Any CPU
		{0EE83107-558F-4AB9-B3D0-22CC59AC2F00}.Release|x86.Build.0 = Release|Any CPU
		{D092C92A-BD84-462C-9579-9EE3F4653303}.Debug|Any CPU.ActiveCfg = Debug|Any CPU
		{D092C92A-BD84-462C-9579-9EE3F4653303}.Debug|Any CPU.Build.0 = Debug|Any CPU
		{D092C92A-BD84-462C-9579-9EE3F4653303}.Debug|x64.ActiveCfg = Debug|Any CPU
		{D092C92A-BD84-462C-9579-9EE3F4653303}.Debug|x64.Build.0 = Debug|Any CPU
		{D092C92A-BD84-462C-9579-9EE3F4653303}.Debug|x86.ActiveCfg = Debug|Any CPU
		{D092C92A-BD84-462C-9579-9EE3F4653303}.Debug|x86.Build.0 = Debug|Any CPU
		{D092C92A-BD84-462C-9579-9EE3F4653303}.Release|Any CPU.ActiveCfg = Release|Any CPU
		{D092C92A-BD84-462C-9579-9EE3F4653303}.Release|Any CPU.Build.0 = Release|Any CPU
		{D092C92A-BD84-462C-9579-9EE3F4653303}.Release|x64.ActiveCfg = Release|Any CPU
		{D092C92A-BD84-462C-9579-9EE3F4653303}.Release|x64.Build.0 = Release|Any CPU
		{D092C92A-BD84-462C-9579-9EE3F4653303}.Release|x86.ActiveCfg = Release|Any CPU
		{D092C92A-BD84-462C-9579-9EE3F4653303}.Release|x86.Build.0 = Release|Any CPU
		{ED36DB88-A339-4B87-94E1-5F63AF6E136A}.Debug|Any CPU.ActiveCfg = Debug|Any CPU
		{ED36DB88-A339-4B87-94E1-5F63AF6E136A}.Debug|Any CPU.Build.0 = Debug|Any CPU
		{ED36DB88-A339-4B87-94E1-5F63AF6E136A}.Debug|x64.ActiveCfg = Debug|Any CPU
		{ED36DB88-A339-4B87-94E1-5F63AF6E136A}.Debug|x64.Build.0 = Debug|Any CPU
		{ED36DB88-A339-4B87-94E1-5F63AF6E136A}.Debug|x86.ActiveCfg = Debug|Any CPU
		{ED36DB88-A339-4B87-94E1-5F63AF6E136A}.Debug|x86.Build.0 = Debug|Any CPU
		{ED36DB88-A339-4B87-94E1-5F63AF6E136A}.Release|Any CPU.ActiveCfg = Release|Any CPU
		{ED36DB88-A339-4B87-94E1-5F63AF6E136A}.Release|Any CPU.Build.0 = Release|Any CPU
		{ED36DB88-A339-4B87-94E1-5F63AF6E136A}.Release|x64.ActiveCfg = Release|Any CPU
		{ED36DB88-A339-4B87-94E1-5F63AF6E136A}.Release|x64.Build.0 = Release|Any CPU
		{ED36DB88-A339-4B87-94E1-5F63AF6E136A}.Release|x86.ActiveCfg = Release|Any CPU
		{ED36DB88-A339-4B87-94E1-5F63AF6E136A}.Release|x86.Build.0 = Release|Any CPU
		{5E4BFB3E-FF2E-44BF-B763-3B06AA588AAB}.Debug|Any CPU.ActiveCfg = Debug|Any CPU
		{5E4BFB3E-FF2E-44BF-B763-3B06AA588AAB}.Debug|Any CPU.Build.0 = Debug|Any CPU
		{5E4BFB3E-FF2E-44BF-B763-3B06AA588AAB}.Debug|x64.ActiveCfg = Debug|Any CPU
		{5E4BFB3E-FF2E-44BF-B763-3B06AA588AAB}.Debug|x64.Build.0 = Debug|Any CPU
		{5E4BFB3E-FF2E-44BF-B763-3B06AA588AAB}.Debug|x86.ActiveCfg = Debug|Any CPU
		{5E4BFB3E-FF2E-44BF-B763-3B06AA588AAB}.Debug|x86.Build.0 = Debug|Any CPU
		{5E4BFB3E-FF2E-44BF-B763-3B06AA588AAB}.Release|Any CPU.ActiveCfg = Release|Any CPU
		{5E4BFB3E-FF2E-44BF-B763-3B06AA588AAB}.Release|Any CPU.Build.0 = Release|Any CPU
		{5E4BFB3E-FF2E-44BF-B763-3B06AA588AAB}.Release|x64.ActiveCfg = Release|Any CPU
		{5E4BFB3E-FF2E-44BF-B763-3B06AA588AAB}.Release|x64.Build.0 = Release|Any CPU
		{5E4BFB3E-FF2E-44BF-B763-3B06AA588AAB}.Release|x86.ActiveCfg = Release|Any CPU
		{5E4BFB3E-FF2E-44BF-B763-3B06AA588AAB}.Release|x86.Build.0 = Release|Any CPU
		{E3437AF8-3A30-4E19-A599-D846870D7D46}.Debug|Any CPU.ActiveCfg = Debug|Any CPU
		{E3437AF8-3A30-4E19-A599-D846870D7D46}.Debug|Any CPU.Build.0 = Debug|Any CPU
		{E3437AF8-3A30-4E19-A599-D846870D7D46}.Debug|x64.ActiveCfg = Debug|Any CPU
		{E3437AF8-3A30-4E19-A599-D846870D7D46}.Debug|x64.Build.0 = Debug|Any CPU
		{E3437AF8-3A30-4E19-A599-D846870D7D46}.Debug|x86.ActiveCfg = Debug|Any CPU
		{E3437AF8-3A30-4E19-A599-D846870D7D46}.Debug|x86.Build.0 = Debug|Any CPU
		{E3437AF8-3A30-4E19-A599-D846870D7D46}.Release|Any CPU.ActiveCfg = Release|Any CPU
		{E3437AF8-3A30-4E19-A599-D846870D7D46}.Release|Any CPU.Build.0 = Release|Any CPU
		{E3437AF8-3A30-4E19-A599-D846870D7D46}.Release|x64.ActiveCfg = Release|Any CPU
		{E3437AF8-3A30-4E19-A599-D846870D7D46}.Release|x64.Build.0 = Release|Any CPU
		{E3437AF8-3A30-4E19-A599-D846870D7D46}.Release|x86.ActiveCfg = Release|Any CPU
		{E3437AF8-3A30-4E19-A599-D846870D7D46}.Release|x86.Build.0 = Release|Any CPU
		{3A74E377-EA9A-42DE-B4C5-BF0B563E8867}.Debug|Any CPU.ActiveCfg = Debug|Any CPU
		{3A74E377-EA9A-42DE-B4C5-BF0B563E8867}.Debug|Any CPU.Build.0 = Debug|Any CPU
		{3A74E377-EA9A-42DE-B4C5-BF0B563E8867}.Debug|x64.ActiveCfg = Debug|Any CPU
		{3A74E377-EA9A-42DE-B4C5-BF0B563E8867}.Debug|x64.Build.0 = Debug|Any CPU
		{3A74E377-EA9A-42DE-B4C5-BF0B563E8867}.Debug|x86.ActiveCfg = Debug|Any CPU
		{3A74E377-EA9A-42DE-B4C5-BF0B563E8867}.Debug|x86.Build.0 = Debug|Any CPU
		{3A74E377-EA9A-42DE-B4C5-BF0B563E8867}.Release|Any CPU.ActiveCfg = Release|Any CPU
		{3A74E377-EA9A-42DE-B4C5-BF0B563E8867}.Release|Any CPU.Build.0 = Release|Any CPU
		{3A74E377-EA9A-42DE-B4C5-BF0B563E8867}.Release|x64.ActiveCfg = Release|Any CPU
		{3A74E377-EA9A-42DE-B4C5-BF0B563E8867}.Release|x64.Build.0 = Release|Any CPU
		{3A74E377-EA9A-42DE-B4C5-BF0B563E8867}.Release|x86.ActiveCfg = Release|Any CPU
		{3A74E377-EA9A-42DE-B4C5-BF0B563E8867}.Release|x86.Build.0 = Release|Any CPU
	EndGlobalSection
	GlobalSection(SolutionProperties) = preSolution
		HideSolutionNode = FALSE
	EndGlobalSection
	GlobalSection(NestedProjects) = preSolution
		{984CDEC8-ED7C-4F93-ABA7-121B05968837} = {0AB3BF05-4346-4AA6-1389-037BE0695223}
		{D092C92A-BD84-462C-9579-9EE3F4653303} = {0AB3BF05-4346-4AA6-1389-037BE0695223}
	EndGlobalSection
EndGlobal
